// !$*UTF8*$!
{
	archiveVersion = 1;
	classes = {
	};
	objectVersion = 48;
	objects = {

/* Begin PBXBuildFile section */
		12F2A5E3F18972FA3D76AD34 /* Pods_LoginAppTests.framework in Frameworks */ = {isa = PBXBuildFile; fileRef = D249684256C333F91E3EAB07 /* Pods_LoginAppTests.framework */; };
		19B8E1469FBD600C4441BB0F /* Pods_LoginAppUITests.framework in Frameworks */ = {isa = PBXBuildFile; fileRef = EDEABAF200B85092C699FE79 /* Pods_LoginAppUITests.framework */; };
		CC1CEDE920FDF48A008991E1 /* AppDelegate.swift in Sources */ = {isa = PBXBuildFile; fileRef = CC1CEDE820FDF48A008991E1 /* AppDelegate.swift */; };
		CC1CEDEB20FDF48B008991E1 /* ViewController.swift in Sources */ = {isa = PBXBuildFile; fileRef = CC1CEDEA20FDF48B008991E1 /* ViewController.swift */; };
		CC1CEDEE20FDF48B008991E1 /* Main.storyboard in Resources */ = {isa = PBXBuildFile; fileRef = CC1CEDEC20FDF48B008991E1 /* Main.storyboard */; };
		CC1CEDF120FDF48B008991E1 /* LoginApp.xcdatamodeld in Sources */ = {isa = PBXBuildFile; fileRef = CC1CEDEF20FDF48B008991E1 /* LoginApp.xcdatamodeld */; };
		CC1CEDF320FDF48B008991E1 /* Assets.xcassets in Resources */ = {isa = PBXBuildFile; fileRef = CC1CEDF220FDF48B008991E1 /* Assets.xcassets */; };
		CC1CEDF620FDF48B008991E1 /* LaunchScreen.storyboard in Resources */ = {isa = PBXBuildFile; fileRef = CC1CEDF420FDF48B008991E1 /* LaunchScreen.storyboard */; };
		CC1CEE0120FDF48B008991E1 /* LoginAppTests.swift in Sources */ = {isa = PBXBuildFile; fileRef = CC1CEE0020FDF48B008991E1 /* LoginAppTests.swift */; };
		CC1CEE0C20FDF48B008991E1 /* LoginAppUITests.swift in Sources */ = {isa = PBXBuildFile; fileRef = CC1CEE0B20FDF48B008991E1 /* LoginAppUITests.swift */; };
		CC1CEE1D20FEDDCB008991E1 /* BaseViewController.swift in Sources */ = {isa = PBXBuildFile; fileRef = CC1CEE1C20FEDDCB008991E1 /* BaseViewController.swift */; };
		CC1CEE2120FEF548008991E1 /* Constant.swift in Sources */ = {isa = PBXBuildFile; fileRef = CC1CEE1F20FEF548008991E1 /* Constant.swift */; };
		CC1CEE2220FEF548008991E1 /* Theme.swift in Sources */ = {isa = PBXBuildFile; fileRef = CC1CEE2020FEF548008991E1 /* Theme.swift */; };
		CC1CEE2620FEF61A008991E1 /* CustomView.swift in Sources */ = {isa = PBXBuildFile; fileRef = CC1CEE2420FEF61A008991E1 /* CustomView.swift */; };
		CC1CEE2720FEF61A008991E1 /* Extension.swift in Sources */ = {isa = PBXBuildFile; fileRef = CC1CEE2520FEF61A008991E1 /* Extension.swift */; };
		CC1CEE2920FEFB55008991E1 /* Localizable.strings in Resources */ = {isa = PBXBuildFile; fileRef = CC1CEE2820FEFB55008991E1 /* Localizable.strings */; };
		CC1CEE3120FEFCC3008991E1 /* Checkout.swift in Sources */ = {isa = PBXBuildFile; fileRef = CC1CEE2B20FEFCC2008991E1 /* Checkout.swift */; };
		CC1CEE3220FEFCC3008991E1 /* OMGError.swift in Sources */ = {isa = PBXBuildFile; fileRef = CC1CEE2C20FEFCC2008991E1 /* OMGError.swift */; };
		CC1CEE3320FEFCC3008991E1 /* Paginator.swift in Sources */ = {isa = PBXBuildFile; fileRef = CC1CEE2D20FEFCC2008991E1 /* Paginator.swift */; };
		CC1CEE3420FEFCC3008991E1 /* Product.swift in Sources */ = {isa = PBXBuildFile; fileRef = CC1CEE2E20FEFCC3008991E1 /* Product.swift */; };
		CC1CEE3520FEFCC3008991E1 /* Protocol.swift in Sources */ = {isa = PBXBuildFile; fileRef = CC1CEE2F20FEFCC3008991E1 /* Protocol.swift */; };
		CC1CEE3620FEFCC3008991E1 /* SessionToken.swift in Sources */ = {isa = PBXBuildFile; fileRef = CC1CEE3020FEFCC3008991E1 /* SessionToken.swift */; };
		CC1CEE4220FEFD37008991E1 /* Response.swift in Sources */ = {isa = PBXBuildFile; fileRef = CC1CEE3D20FEFD36008991E1 /* Response.swift */; };
		CC1CEE4320FEFD37008991E1 /* JSONResponse.swift in Sources */ = {isa = PBXBuildFile; fileRef = CC1CEE3E20FEFD36008991E1 /* JSONResponse.swift */; };
		CC1CEE4520FEFD37008991E1 /* APIError.swift in Sources */ = {isa = PBXBuildFile; fileRef = CC1CEE4020FEFD36008991E1 /* APIError.swift */; };
		CC1CEE4920FF332A008991E1 /* Login.storyboard in Resources */ = {isa = PBXBuildFile; fileRef = CC1CEE4820FF332A008991E1 /* Login.storyboard */; };
		CC1CEE4B20FF3397008991E1 /* LoginViewController.swift in Sources */ = {isa = PBXBuildFile; fileRef = CC1CEE4A20FF3397008991E1 /* LoginViewController.swift */; };
		CC1CEE4F21009B32008991E1 /* Register.storyboard in Resources */ = {isa = PBXBuildFile; fileRef = CC1CEE4E21009B32008991E1 /* Register.storyboard */; };
		D346ECE2AC8A629480762852 /* Pods_LoginApp.framework in Frameworks */ = {isa = PBXBuildFile; fileRef = 092ED97C66D7F2329F6056DD /* Pods_LoginApp.framework */; };
/* End PBXBuildFile section */

/* Begin PBXContainerItemProxy section */
		CC1CEDFD20FDF48B008991E1 /* PBXContainerItemProxy */ = {
			isa = PBXContainerItemProxy;
			containerPortal = CC1CEDDD20FDF48A008991E1 /* Project object */;
			proxyType = 1;
			remoteGlobalIDString = CC1CEDE420FDF48A008991E1;
			remoteInfo = LoginApp;
		};
		CC1CEE0820FDF48B008991E1 /* PBXContainerItemProxy */ = {
			isa = PBXContainerItemProxy;
			containerPortal = CC1CEDDD20FDF48A008991E1 /* Project object */;
			proxyType = 1;
			remoteGlobalIDString = CC1CEDE420FDF48A008991E1;
			remoteInfo = LoginApp;
		};
/* End PBXContainerItemProxy section */

/* Begin PBXFileReference section */
		092ED97C66D7F2329F6056DD /* Pods_LoginApp.framework */ = {isa = PBXFileReference; explicitFileType = wrapper.framework; includeInIndex = 0; path = Pods_LoginApp.framework; sourceTree = BUILT_PRODUCTS_DIR; };
		7238C04E10412542E1A5B7B8 /* Pods-LoginAppUITests.release.xcconfig */ = {isa = PBXFileReference; includeInIndex = 1; lastKnownFileType = text.xcconfig; name = "Pods-LoginAppUITests.release.xcconfig"; path = "Pods/Target Support Files/Pods-LoginAppUITests/Pods-LoginAppUITests.release.xcconfig"; sourceTree = "<group>"; };
		7290F09EBB42ACF08935B008 /* Pods-LoginAppTests.release.xcconfig */ = {isa = PBXFileReference; includeInIndex = 1; lastKnownFileType = text.xcconfig; name = "Pods-LoginAppTests.release.xcconfig"; path = "Pods/Target Support Files/Pods-LoginAppTests/Pods-LoginAppTests.release.xcconfig"; sourceTree = "<group>"; };
		B47B74A301201579FF8FD4F7 /* Pods-LoginAppUITests.debug.xcconfig */ = {isa = PBXFileReference; includeInIndex = 1; lastKnownFileType = text.xcconfig; name = "Pods-LoginAppUITests.debug.xcconfig"; path = "Pods/Target Support Files/Pods-LoginAppUITests/Pods-LoginAppUITests.debug.xcconfig"; sourceTree = "<group>"; };
		BC4574559030A5E34F31837C /* Pods-LoginApp.debug.xcconfig */ = {isa = PBXFileReference; includeInIndex = 1; lastKnownFileType = text.xcconfig; name = "Pods-LoginApp.debug.xcconfig"; path = "Pods/Target Support Files/Pods-LoginApp/Pods-LoginApp.debug.xcconfig"; sourceTree = "<group>"; };
		BFF468BFCCD8891F94507416 /* Pods-LoginApp.release.xcconfig */ = {isa = PBXFileReference; includeInIndex = 1; lastKnownFileType = text.xcconfig; name = "Pods-LoginApp.release.xcconfig"; path = "Pods/Target Support Files/Pods-LoginApp/Pods-LoginApp.release.xcconfig"; sourceTree = "<group>"; };
		CC1CEDE520FDF48A008991E1 /* LoginApp.app */ = {isa = PBXFileReference; explicitFileType = wrapper.application; includeInIndex = 0; path = LoginApp.app; sourceTree = BUILT_PRODUCTS_DIR; };
		CC1CEDE820FDF48A008991E1 /* AppDelegate.swift */ = {isa = PBXFileReference; lastKnownFileType = sourcecode.swift; path = AppDelegate.swift; sourceTree = "<group>"; };
		CC1CEDEA20FDF48B008991E1 /* ViewController.swift */ = {isa = PBXFileReference; lastKnownFileType = sourcecode.swift; path = ViewController.swift; sourceTree = "<group>"; };
		CC1CEDED20FDF48B008991E1 /* Base */ = {isa = PBXFileReference; lastKnownFileType = file.storyboard; name = Base; path = Base.lproj/Main.storyboard; sourceTree = "<group>"; };
		CC1CEDF020FDF48B008991E1 /* LoginApp.xcdatamodel */ = {isa = PBXFileReference; lastKnownFileType = wrapper.xcdatamodel; path = LoginApp.xcdatamodel; sourceTree = "<group>"; };
		CC1CEDF220FDF48B008991E1 /* Assets.xcassets */ = {isa = PBXFileReference; lastKnownFileType = folder.assetcatalog; path = Assets.xcassets; sourceTree = "<group>"; };
		CC1CEDF520FDF48B008991E1 /* Base */ = {isa = PBXFileReference; lastKnownFileType = file.storyboard; name = Base; path = Base.lproj/LaunchScreen.storyboard; sourceTree = "<group>"; };
		CC1CEDF720FDF48B008991E1 /* Info.plist */ = {isa = PBXFileReference; lastKnownFileType = text.plist.xml; path = Info.plist; sourceTree = "<group>"; };
		CC1CEDFC20FDF48B008991E1 /* LoginAppTests.xctest */ = {isa = PBXFileReference; explicitFileType = wrapper.cfbundle; includeInIndex = 0; path = LoginAppTests.xctest; sourceTree = BUILT_PRODUCTS_DIR; };
		CC1CEE0020FDF48B008991E1 /* LoginAppTests.swift */ = {isa = PBXFileReference; lastKnownFileType = sourcecode.swift; path = LoginAppTests.swift; sourceTree = "<group>"; };
		CC1CEE0220FDF48B008991E1 /* Info.plist */ = {isa = PBXFileReference; lastKnownFileType = text.plist.xml; path = Info.plist; sourceTree = "<group>"; };
		CC1CEE0720FDF48B008991E1 /* LoginAppUITests.xctest */ = {isa = PBXFileReference; explicitFileType = wrapper.cfbundle; includeInIndex = 0; path = LoginAppUITests.xctest; sourceTree = BUILT_PRODUCTS_DIR; };
		CC1CEE0B20FDF48B008991E1 /* LoginAppUITests.swift */ = {isa = PBXFileReference; lastKnownFileType = sourcecode.swift; path = LoginAppUITests.swift; sourceTree = "<group>"; };
		CC1CEE0D20FDF48B008991E1 /* Info.plist */ = {isa = PBXFileReference; lastKnownFileType = text.plist.xml; path = Info.plist; sourceTree = "<group>"; };
		CC1CEE1C20FEDDCB008991E1 /* BaseViewController.swift */ = {isa = PBXFileReference; lastKnownFileType = sourcecode.swift; path = BaseViewController.swift; sourceTree = "<group>"; };
		CC1CEE1F20FEF548008991E1 /* Constant.swift */ = {isa = PBXFileReference; fileEncoding = 4; lastKnownFileType = sourcecode.swift; path = Constant.swift; sourceTree = "<group>"; };
		CC1CEE2020FEF548008991E1 /* Theme.swift */ = {isa = PBXFileReference; fileEncoding = 4; lastKnownFileType = sourcecode.swift; path = Theme.swift; sourceTree = "<group>"; };
		CC1CEE2420FEF61A008991E1 /* CustomView.swift */ = {isa = PBXFileReference; fileEncoding = 4; lastKnownFileType = sourcecode.swift; path = CustomView.swift; sourceTree = "<group>"; };
		CC1CEE2520FEF61A008991E1 /* Extension.swift */ = {isa = PBXFileReference; fileEncoding = 4; lastKnownFileType = sourcecode.swift; path = Extension.swift; sourceTree = "<group>"; };
		CC1CEE2820FEFB55008991E1 /* Localizable.strings */ = {isa = PBXFileReference; lastKnownFileType = text.plist.strings; path = Localizable.strings; sourceTree = "<group>"; };
		CC1CEE2B20FEFCC2008991E1 /* Checkout.swift */ = {isa = PBXFileReference; fileEncoding = 4; lastKnownFileType = sourcecode.swift; path = Checkout.swift; sourceTree = "<group>"; };
		CC1CEE2C20FEFCC2008991E1 /* OMGError.swift */ = {isa = PBXFileReference; fileEncoding = 4; lastKnownFileType = sourcecode.swift; path = OMGError.swift; sourceTree = "<group>"; };
		CC1CEE2D20FEFCC2008991E1 /* Paginator.swift */ = {isa = PBXFileReference; fileEncoding = 4; lastKnownFileType = sourcecode.swift; path = Paginator.swift; sourceTree = "<group>"; };
		CC1CEE2E20FEFCC3008991E1 /* Product.swift */ = {isa = PBXFileReference; fileEncoding = 4; lastKnownFileType = sourcecode.swift; path = Product.swift; sourceTree = "<group>"; };
		CC1CEE2F20FEFCC3008991E1 /* Protocol.swift */ = {isa = PBXFileReference; fileEncoding = 4; lastKnownFileType = sourcecode.swift; path = Protocol.swift; sourceTree = "<group>"; };
		CC1CEE3020FEFCC3008991E1 /* SessionToken.swift */ = {isa = PBXFileReference; fileEncoding = 4; lastKnownFileType = sourcecode.swift; path = SessionToken.swift; sourceTree = "<group>"; };
		CC1CEE3D20FEFD36008991E1 /* Response.swift */ = {isa = PBXFileReference; fileEncoding = 4; lastKnownFileType = sourcecode.swift; path = Response.swift; sourceTree = "<group>"; };
		CC1CEE3E20FEFD36008991E1 /* JSONResponse.swift */ = {isa = PBXFileReference; fileEncoding = 4; lastKnownFileType = sourcecode.swift; path = JSONResponse.swift; sourceTree = "<group>"; };
		CC1CEE4020FEFD36008991E1 /* APIError.swift */ = {isa = PBXFileReference; fileEncoding = 4; lastKnownFileType = sourcecode.swift; path = APIError.swift; sourceTree = "<group>"; };
		CC1CEE4820FF332A008991E1 /* Login.storyboard */ = {isa = PBXFileReference; lastKnownFileType = file.storyboard; path = Login.storyboard; sourceTree = "<group>"; };
		CC1CEE4A20FF3397008991E1 /* LoginViewController.swift */ = {isa = PBXFileReference; lastKnownFileType = sourcecode.swift; path = LoginViewController.swift; sourceTree = "<group>"; };
		CC1CEE4E21009B32008991E1 /* Register.storyboard */ = {isa = PBXFileReference; lastKnownFileType = file.storyboard; path = Register.storyboard; sourceTree = "<group>"; };
		D249684256C333F91E3EAB07 /* Pods_LoginAppTests.framework */ = {isa = PBXFileReference; explicitFileType = wrapper.framework; includeInIndex = 0; path = Pods_LoginAppTests.framework; sourceTree = BUILT_PRODUCTS_DIR; };
		EDEABAF200B85092C699FE79 /* Pods_LoginAppUITests.framework */ = {isa = PBXFileReference; explicitFileType = wrapper.framework; includeInIndex = 0; path = Pods_LoginAppUITests.framework; sourceTree = BUILT_PRODUCTS_DIR; };
		FB6B58959218B4745D94E2B7 /* Pods-LoginAppTests.debug.xcconfig */ = {isa = PBXFileReference; includeInIndex = 1; lastKnownFileType = text.xcconfig; name = "Pods-LoginAppTests.debug.xcconfig"; path = "Pods/Target Support Files/Pods-LoginAppTests/Pods-LoginAppTests.debug.xcconfig"; sourceTree = "<group>"; };
/* End PBXFileReference section */

/* Begin PBXFrameworksBuildPhase section */
		CC1CEDE220FDF48A008991E1 /* Frameworks */ = {
			isa = PBXFrameworksBuildPhase;
			buildActionMask = 2147483647;
			files = (
				D346ECE2AC8A629480762852 /* Pods_LoginApp.framework in Frameworks */,
			);
			runOnlyForDeploymentPostprocessing = 0;
		};
		CC1CEDF920FDF48B008991E1 /* Frameworks */ = {
			isa = PBXFrameworksBuildPhase;
			buildActionMask = 2147483647;
			files = (
				12F2A5E3F18972FA3D76AD34 /* Pods_LoginAppTests.framework in Frameworks */,
			);
			runOnlyForDeploymentPostprocessing = 0;
		};
		CC1CEE0420FDF48B008991E1 /* Frameworks */ = {
			isa = PBXFrameworksBuildPhase;
			buildActionMask = 2147483647;
			files = (
				19B8E1469FBD600C4441BB0F /* Pods_LoginAppUITests.framework in Frameworks */,
			);
			runOnlyForDeploymentPostprocessing = 0;
		};
/* End PBXFrameworksBuildPhase section */

/* Begin PBXGroup section */
		3FBBFF8E244611D8019F9531 /* Frameworks */ = {
			isa = PBXGroup;
			children = (
				092ED97C66D7F2329F6056DD /* Pods_LoginApp.framework */,
				D249684256C333F91E3EAB07 /* Pods_LoginAppTests.framework */,
				EDEABAF200B85092C699FE79 /* Pods_LoginAppUITests.framework */,
			);
			name = Frameworks;
			sourceTree = "<group>";
		};
		CC1CEDDC20FDF48A008991E1 = {
			isa = PBXGroup;
			children = (
				CC1CEDE720FDF48A008991E1 /* LoginApp */,
				CC1CEDFF20FDF48B008991E1 /* LoginAppTests */,
				CC1CEE0A20FDF48B008991E1 /* LoginAppUITests */,
				CC1CEDE620FDF48A008991E1 /* Products */,
				EDCFCCC05817796E2F139846 /* Pods */,
				3FBBFF8E244611D8019F9531 /* Frameworks */,
			);
			sourceTree = "<group>";
		};
		CC1CEDE620FDF48A008991E1 /* Products */ = {
			isa = PBXGroup;
			children = (
				CC1CEDE520FDF48A008991E1 /* LoginApp.app */,
				CC1CEDFC20FDF48B008991E1 /* LoginAppTests.xctest */,
				CC1CEE0720FDF48B008991E1 /* LoginAppUITests.xctest */,
			);
			name = Products;
			sourceTree = "<group>";
		};
		CC1CEDE720FDF48A008991E1 /* LoginApp */ = {
			isa = PBXGroup;
			children = (
				CC1CEE4720FF30CF008991E1 /* Storyboards */,
				CC1CEE2820FEFB55008991E1 /* Localizable.strings */,
				CC1CEDE820FDF48A008991E1 /* AppDelegate.swift */,
				CC1CEDF720FDF48B008991E1 /* Info.plist */,
				CC1CEE2320FEF5DB008991E1 /* Helpers */,
				CC1CEE1B20FDFF21008991E1 /* API */,
				CC1CEE1A20FDFEBF008991E1 /* ViewModels */,
				CC1CEE1920FDFE91008991E1 /* ViewControllers */,
				CC1CEE1E20FEF4B1008991E1 /* Managers */,
				CC1CEE2A20FEFCB4008991E1 /* Models */,
				CC1CEDEA20FDF48B008991E1 /* ViewController.swift */,
				CC1CEDEC20FDF48B008991E1 /* Main.storyboard */,
				CC1CEDF220FDF48B008991E1 /* Assets.xcassets */,
				CC1CEDF420FDF48B008991E1 /* LaunchScreen.storyboard */,
				CC1CEDEF20FDF48B008991E1 /* LoginApp.xcdatamodeld */,
			);
			path = LoginApp;
			sourceTree = "<group>";
		};
		CC1CEDFF20FDF48B008991E1 /* LoginAppTests */ = {
			isa = PBXGroup;
			children = (
				CC1CEE0020FDF48B008991E1 /* LoginAppTests.swift */,
				CC1CEE0220FDF48B008991E1 /* Info.plist */,
			);
			path = LoginAppTests;
			sourceTree = "<group>";
		};
		CC1CEE0A20FDF48B008991E1 /* LoginAppUITests */ = {
			isa = PBXGroup;
			children = (
				CC1CEE0B20FDF48B008991E1 /* LoginAppUITests.swift */,
				CC1CEE0D20FDF48B008991E1 /* Info.plist */,
			);
			path = LoginAppUITests;
			sourceTree = "<group>";
		};
		CC1CEE1920FDFE91008991E1 /* ViewControllers */ = {
			isa = PBXGroup;
			children = (
				CC1CEE1C20FEDDCB008991E1 /* BaseViewController.swift */,
				CC1CEE4A20FF3397008991E1 /* LoginViewController.swift */,
			);
			path = ViewControllers;
			sourceTree = "<group>";
		};
		CC1CEE1A20FDFEBF008991E1 /* ViewModels */ = {
			isa = PBXGroup;
			children = (
			);
			path = ViewModels;
			sourceTree = "<group>";
		};
		CC1CEE1B20FDFF21008991E1 /* API */ = {
			isa = PBXGroup;
			children = (
				CC1CEE3820FEFD01008991E1 /* Models */,
				CC1CEE3720FEFCF7008991E1 /* Routers */,
			);
			path = API;
			sourceTree = "<group>";
		};
		CC1CEE1E20FEF4B1008991E1 /* Managers */ = {
			isa = PBXGroup;
			children = (
				CC1CEE1F20FEF548008991E1 /* Constant.swift */,
				CC1CEE2020FEF548008991E1 /* Theme.swift */,
			);
			path = Managers;
			sourceTree = "<group>";
		};
		CC1CEE2320FEF5DB008991E1 /* Helpers */ = {
			isa = PBXGroup;
			children = (
				CC1CEE2420FEF61A008991E1 /* CustomView.swift */,
				CC1CEE2520FEF61A008991E1 /* Extension.swift */,
			);
			path = Helpers;
			sourceTree = "<group>";
		};
		CC1CEE2A20FEFCB4008991E1 /* Models */ = {
			isa = PBXGroup;
			children = (
				CC1CEE2B20FEFCC2008991E1 /* Checkout.swift */,
				CC1CEE2C20FEFCC2008991E1 /* OMGError.swift */,
				CC1CEE2D20FEFCC2008991E1 /* Paginator.swift */,
				CC1CEE2E20FEFCC3008991E1 /* Product.swift */,
				CC1CEE2F20FEFCC3008991E1 /* Protocol.swift */,
				CC1CEE3020FEFCC3008991E1 /* SessionToken.swift */,
			);
			path = Models;
			sourceTree = "<group>";
		};
		CC1CEE3720FEFCF7008991E1 /* Routers */ = {
			isa = PBXGroup;
			children = (
			);
			path = Routers;
			sourceTree = "<group>";
		};
		CC1CEE3820FEFD01008991E1 /* Models */ = {
			isa = PBXGroup;
			children = (
				CC1CEE4020FEFD36008991E1 /* APIError.swift */,
				CC1CEE3E20FEFD36008991E1 /* JSONResponse.swift */,
				CC1CEE3D20FEFD36008991E1 /* Response.swift */,
			);
			path = Models;
			sourceTree = "<group>";
		};
		CC1CEE4720FF30CF008991E1 /* Storyboards */ = {
			isa = PBXGroup;
			children = (
				CC1CEE4E21009B32008991E1 /* Register.storyboard */,
				CC1CEE4820FF332A008991E1 /* Login.storyboard */,
			);
			path = Storyboards;
			sourceTree = "<group>";
		};
		EDCFCCC05817796E2F139846 /* Pods */ = {
			isa = PBXGroup;
			children = (
				BC4574559030A5E34F31837C /* Pods-LoginApp.debug.xcconfig */,
				BFF468BFCCD8891F94507416 /* Pods-LoginApp.release.xcconfig */,
				FB6B58959218B4745D94E2B7 /* Pods-LoginAppTests.debug.xcconfig */,
				7290F09EBB42ACF08935B008 /* Pods-LoginAppTests.release.xcconfig */,
				B47B74A301201579FF8FD4F7 /* Pods-LoginAppUITests.debug.xcconfig */,
				7238C04E10412542E1A5B7B8 /* Pods-LoginAppUITests.release.xcconfig */,
			);
			name = Pods;
			sourceTree = "<group>";
		};
/* End PBXGroup section */

/* Begin PBXNativeTarget section */
		CC1CEDE420FDF48A008991E1 /* LoginApp */ = {
			isa = PBXNativeTarget;
			buildConfigurationList = CC1CEE1020FDF48B008991E1 /* Build configuration list for PBXNativeTarget "LoginApp" */;
			buildPhases = (
				C6DCF9B1AD23E4255137C4E6 /* [CP] Check Pods Manifest.lock */,
				CC1CEDE120FDF48A008991E1 /* Sources */,
				CC1CEDE220FDF48A008991E1 /* Frameworks */,
				CC1CEDE320FDF48A008991E1 /* Resources */,
				91469DCA35A9B6472ED0D504 /* [CP] Embed Pods Frameworks */,
			);
			buildRules = (
			);
			dependencies = (
			);
			name = LoginApp;
			productName = LoginApp;
			productReference = CC1CEDE520FDF48A008991E1 /* LoginApp.app */;
			productType = "com.apple.product-type.application";
		};
		CC1CEDFB20FDF48B008991E1 /* LoginAppTests */ = {
			isa = PBXNativeTarget;
			buildConfigurationList = CC1CEE1320FDF48B008991E1 /* Build configuration list for PBXNativeTarget "LoginAppTests" */;
			buildPhases = (
				0A8EFBAE88FFCA9DE234C4E4 /* [CP] Check Pods Manifest.lock */,
				CC1CEDF820FDF48B008991E1 /* Sources */,
				CC1CEDF920FDF48B008991E1 /* Frameworks */,
				CC1CEDFA20FDF48B008991E1 /* Resources */,
			);
			buildRules = (
			);
			dependencies = (
				CC1CEDFE20FDF48B008991E1 /* PBXTargetDependency */,
			);
			name = LoginAppTests;
			productName = LoginAppTests;
			productReference = CC1CEDFC20FDF48B008991E1 /* LoginAppTests.xctest */;
			productType = "com.apple.product-type.bundle.unit-test";
		};
		CC1CEE0620FDF48B008991E1 /* LoginAppUITests */ = {
			isa = PBXNativeTarget;
			buildConfigurationList = CC1CEE1620FDF48B008991E1 /* Build configuration list for PBXNativeTarget "LoginAppUITests" */;
			buildPhases = (
				EA3BCA7658907FEC2C2A40C5 /* [CP] Check Pods Manifest.lock */,
				CC1CEE0320FDF48B008991E1 /* Sources */,
				CC1CEE0420FDF48B008991E1 /* Frameworks */,
				CC1CEE0520FDF48B008991E1 /* Resources */,
			);
			buildRules = (
			);
			dependencies = (
				CC1CEE0920FDF48B008991E1 /* PBXTargetDependency */,
			);
			name = LoginAppUITests;
			productName = LoginAppUITests;
			productReference = CC1CEE0720FDF48B008991E1 /* LoginAppUITests.xctest */;
			productType = "com.apple.product-type.bundle.ui-testing";
		};
/* End PBXNativeTarget section */

/* Begin PBXProject section */
		CC1CEDDD20FDF48A008991E1 /* Project object */ = {
			isa = PBXProject;
			attributes = {
				LastSwiftUpdateCheck = 0920;
				LastUpgradeCheck = 0920;
				ORGANIZATIONNAME = QuanPV;
				TargetAttributes = {
					CC1CEDE420FDF48A008991E1 = {
						CreatedOnToolsVersion = 9.2;
						ProvisioningStyle = Automatic;
					};
					CC1CEDFB20FDF48B008991E1 = {
						CreatedOnToolsVersion = 9.2;
						ProvisioningStyle = Automatic;
						TestTargetID = CC1CEDE420FDF48A008991E1;
					};
					CC1CEE0620FDF48B008991E1 = {
						CreatedOnToolsVersion = 9.2;
						ProvisioningStyle = Automatic;
						TestTargetID = CC1CEDE420FDF48A008991E1;
					};
				};
			};
			buildConfigurationList = CC1CEDE020FDF48A008991E1 /* Build configuration list for PBXProject "LoginApp" */;
			compatibilityVersion = "Xcode 8.0";
			developmentRegion = en;
			hasScannedForEncodings = 0;
			knownRegions = (
				en,
				Base,
			);
			mainGroup = CC1CEDDC20FDF48A008991E1;
			productRefGroup = CC1CEDE620FDF48A008991E1 /* Products */;
			projectDirPath = "";
			projectRoot = "";
			targets = (
				CC1CEDE420FDF48A008991E1 /* LoginApp */,
				CC1CEDFB20FDF48B008991E1 /* LoginAppTests */,
				CC1CEE0620FDF48B008991E1 /* LoginAppUITests */,
			);
		};
/* End PBXProject section */

/* Begin PBXResourcesBuildPhase section */
		CC1CEDE320FDF48A008991E1 /* Resources */ = {
			isa = PBXResourcesBuildPhase;
			buildActionMask = 2147483647;
			files = (
				CC1CEDF620FDF48B008991E1 /* LaunchScreen.storyboard in Resources */,
				CC1CEE2920FEFB55008991E1 /* Localizable.strings in Resources */,
				CC1CEDF320FDF48B008991E1 /* Assets.xcassets in Resources */,
				CC1CEE4920FF332A008991E1 /* Login.storyboard in Resources */,
				CC1CEDEE20FDF48B008991E1 /* Main.storyboard in Resources */,
				CC1CEE4F21009B32008991E1 /* Register.storyboard in Resources */,
			);
			runOnlyForDeploymentPostprocessing = 0;
		};
		CC1CEDFA20FDF48B008991E1 /* Resources */ = {
			isa = PBXResourcesBuildPhase;
			buildActionMask = 2147483647;
			files = (
			);
			runOnlyForDeploymentPostprocessing = 0;
		};
		CC1CEE0520FDF48B008991E1 /* Resources */ = {
			isa = PBXResourcesBuildPhase;
			buildActionMask = 2147483647;
			files = (
			);
			runOnlyForDeploymentPostprocessing = 0;
		};
/* End PBXResourcesBuildPhase section */

/* Begin PBXShellScriptBuildPhase section */
		0A8EFBAE88FFCA9DE234C4E4 /* [CP] Check Pods Manifest.lock */ = {
			isa = PBXShellScriptBuildPhase;
			buildActionMask = 2147483647;
			files = (
			);
			inputPaths = (
				"${PODS_PODFILE_DIR_PATH}/Podfile.lock",
				"${PODS_ROOT}/Manifest.lock",
			);
			name = "[CP] Check Pods Manifest.lock";
			outputPaths = (
				"$(DERIVED_FILE_DIR)/Pods-LoginAppTests-checkManifestLockResult.txt",
			);
			runOnlyForDeploymentPostprocessing = 0;
			shellPath = /bin/sh;
			shellScript = "diff \"${PODS_PODFILE_DIR_PATH}/Podfile.lock\" \"${PODS_ROOT}/Manifest.lock\" > /dev/null\nif [ $? != 0 ] ; then\n    # print error to STDERR\n    echo \"error: The sandbox is not in sync with the Podfile.lock. Run 'pod install' or update your CocoaPods installation.\" >&2\n    exit 1\nfi\n# This output is used by Xcode 'outputs' to avoid re-running this script phase.\necho \"SUCCESS\" > \"${SCRIPT_OUTPUT_FILE_0}\"\n";
			showEnvVarsInLog = 0;
		};
		91469DCA35A9B6472ED0D504 /* [CP] Embed Pods Frameworks */ = {
			isa = PBXShellScriptBuildPhase;
			buildActionMask = 2147483647;
			files = (
			);
			inputPaths = (
				"${SRCROOT}/Pods/Target Support Files/Pods-LoginApp/Pods-LoginApp-frameworks.sh",
				"${BUILT_PRODUCTS_DIR}/Alamofire/Alamofire.framework",
				"${BUILT_PRODUCTS_DIR}/BigInt/BigInt.framework",
				"${BUILT_PRODUCTS_DIR}/KeychainSwift/KeychainSwift.framework",
				"${BUILT_PRODUCTS_DIR}/MBProgressHUD/MBProgressHUD.framework",
				"${BUILT_PRODUCTS_DIR}/OmiseGO/OmiseGO.framework",
				"${BUILT_PRODUCTS_DIR}/SipHash/SipHash.framework",
				"${BUILT_PRODUCTS_DIR}/SkyFloatingLabelTextField/SkyFloatingLabelTextField.framework",
				"${BUILT_PRODUCTS_DIR}/Starscream/Starscream.framework",
				"${BUILT_PRODUCTS_DIR}/TPKeyboardAvoiding/TPKeyboardAvoiding.framework",
				"${BUILT_PRODUCTS_DIR}/Toaster/Toaster.framework",
			);
			name = "[CP] Embed Pods Frameworks";
			outputPaths = (
				"${TARGET_BUILD_DIR}/${FRAMEWORKS_FOLDER_PATH}/Alamofire.framework",
				"${TARGET_BUILD_DIR}/${FRAMEWORKS_FOLDER_PATH}/BigInt.framework",
				"${TARGET_BUILD_DIR}/${FRAMEWORKS_FOLDER_PATH}/KeychainSwift.framework",
				"${TARGET_BUILD_DIR}/${FRAMEWORKS_FOLDER_PATH}/MBProgressHUD.framework",
				"${TARGET_BUILD_DIR}/${FRAMEWORKS_FOLDER_PATH}/OmiseGO.framework",
				"${TARGET_BUILD_DIR}/${FRAMEWORKS_FOLDER_PATH}/SipHash.framework",
				"${TARGET_BUILD_DIR}/${FRAMEWORKS_FOLDER_PATH}/SkyFloatingLabelTextField.framework",
				"${TARGET_BUILD_DIR}/${FRAMEWORKS_FOLDER_PATH}/Starscream.framework",
				"${TARGET_BUILD_DIR}/${FRAMEWORKS_FOLDER_PATH}/TPKeyboardAvoiding.framework",
				"${TARGET_BUILD_DIR}/${FRAMEWORKS_FOLDER_PATH}/Toaster.framework",
			);
			runOnlyForDeploymentPostprocessing = 0;
			shellPath = /bin/sh;
			shellScript = "\"${SRCROOT}/Pods/Target Support Files/Pods-LoginApp/Pods-LoginApp-frameworks.sh\"\n";
			showEnvVarsInLog = 0;
		};
		C6DCF9B1AD23E4255137C4E6 /* [CP] Check Pods Manifest.lock */ = {
			isa = PBXShellScriptBuildPhase;
			buildActionMask = 2147483647;
			files = (
			);
			inputPaths = (
				"${PODS_PODFILE_DIR_PATH}/Podfile.lock",
				"${PODS_ROOT}/Manifest.lock",
			);
			name = "[CP] Check Pods Manifest.lock";
			outputPaths = (
				"$(DERIVED_FILE_DIR)/Pods-LoginApp-checkManifestLockResult.txt",
			);
			runOnlyForDeploymentPostprocessing = 0;
			shellPath = /bin/sh;
			shellScript = "diff \"${PODS_PODFILE_DIR_PATH}/Podfile.lock\" \"${PODS_ROOT}/Manifest.lock\" > /dev/null\nif [ $? != 0 ] ; then\n    # print error to STDERR\n    echo \"error: The sandbox is not in sync with the Podfile.lock. Run 'pod install' or update your CocoaPods installation.\" >&2\n    exit 1\nfi\n# This output is used by Xcode 'outputs' to avoid re-running this script phase.\necho \"SUCCESS\" > \"${SCRIPT_OUTPUT_FILE_0}\"\n";
			showEnvVarsInLog = 0;
		};
		EA3BCA7658907FEC2C2A40C5 /* [CP] Check Pods Manifest.lock */ = {
			isa = PBXShellScriptBuildPhase;
			buildActionMask = 2147483647;
			files = (
			);
			inputPaths = (
				"${PODS_PODFILE_DIR_PATH}/Podfile.lock",
				"${PODS_ROOT}/Manifest.lock",
			);
			name = "[CP] Check Pods Manifest.lock";
			outputPaths = (
				"$(DERIVED_FILE_DIR)/Pods-LoginAppUITests-checkManifestLockResult.txt",
			);
			runOnlyForDeploymentPostprocessing = 0;
			shellPath = /bin/sh;
			shellScript = "diff \"${PODS_PODFILE_DIR_PATH}/Podfile.lock\" \"${PODS_ROOT}/Manifest.lock\" > /dev/null\nif [ $? != 0 ] ; then\n    # print error to STDERR\n    echo \"error: The sandbox is not in sync with the Podfile.lock. Run 'pod install' or update your CocoaPods installation.\" >&2\n    exit 1\nfi\n# This output is used by Xcode 'outputs' to avoid re-running this script phase.\necho \"SUCCESS\" > \"${SCRIPT_OUTPUT_FILE_0}\"\n";
			showEnvVarsInLog = 0;
		};
/* End PBXShellScriptBuildPhase section */

/* Begin PBXSourcesBuildPhase section */
		CC1CEDE120FDF48A008991E1 /* Sources */ = {
			isa = PBXSourcesBuildPhase;
			buildActionMask = 2147483647;
			files = (
				CC1CEE4B20FF3397008991E1 /* LoginViewController.swift in Sources */,
				CC1CEDF120FDF48B008991E1 /* LoginApp.xcdatamodeld in Sources */,
				CC1CEE3520FEFCC3008991E1 /* Protocol.swift in Sources */,
				CC1CEE1D20FEDDCB008991E1 /* BaseViewController.swift in Sources */,
				CC1CEE4220FEFD37008991E1 /* Response.swift in Sources */,
				CC1CEE2120FEF548008991E1 /* Constant.swift in Sources */,
				CC1CEE3120FEFCC3008991E1 /* Checkout.swift in Sources */,
				CC1CEE2620FEF61A008991E1 /* CustomView.swift in Sources */,
				CC1CEE3420FEFCC3008991E1 /* Product.swift in Sources */,
				CC1CEE2220FEF548008991E1 /* Theme.swift in Sources */,
				CC1CEDEB20FDF48B008991E1 /* ViewController.swift in Sources */,
				CC1CEDE920FDF48A008991E1 /* AppDelegate.swift in Sources */,
				CC1CEE4520FEFD37008991E1 /* APIError.swift in Sources */,
				CC1CEE4320FEFD37008991E1 /* JSONResponse.swift in Sources */,
				CC1CEE3620FEFCC3008991E1 /* SessionToken.swift in Sources */,
				CC1CEE3220FEFCC3008991E1 /* OMGError.swift in Sources */,
				CC1CEE2720FEF61A008991E1 /* Extension.swift in Sources */,
				CC1CEE3320FEFCC3008991E1 /* Paginator.swift in Sources */,
			);
			runOnlyForDeploymentPostprocessing = 0;
		};
		CC1CEDF820FDF48B008991E1 /* Sources */ = {
			isa = PBXSourcesBuildPhase;
			buildActionMask = 2147483647;
			files = (
				CC1CEE0120FDF48B008991E1 /* LoginAppTests.swift in Sources */,
			);
			runOnlyForDeploymentPostprocessing = 0;
		};
		CC1CEE0320FDF48B008991E1 /* Sources */ = {
			isa = PBXSourcesBuildPhase;
			buildActionMask = 2147483647;
			files = (
				CC1CEE0C20FDF48B008991E1 /* LoginAppUITests.swift in Sources */,
			);
			runOnlyForDeploymentPostprocessing = 0;
		};
/* End PBXSourcesBuildPhase section */

/* Begin PBXTargetDependency section */
		CC1CEDFE20FDF48B008991E1 /* PBXTargetDependency */ = {
			isa = PBXTargetDependency;
			target = CC1CEDE420FDF48A008991E1 /* LoginApp */;
			targetProxy = CC1CEDFD20FDF48B008991E1 /* PBXContainerItemProxy */;
		};
		CC1CEE0920FDF48B008991E1 /* PBXTargetDependency */ = {
			isa = PBXTargetDependency;
			target = CC1CEDE420FDF48A008991E1 /* LoginApp */;
			targetProxy = CC1CEE0820FDF48B008991E1 /* PBXContainerItemProxy */;
		};
/* End PBXTargetDependency section */

/* Begin PBXVariantGroup section */
		CC1CEDEC20FDF48B008991E1 /* Main.storyboard */ = {
			isa = PBXVariantGroup;
			children = (
				CC1CEDED20FDF48B008991E1 /* Base */,
			);
			name = Main.storyboard;
			sourceTree = "<group>";
		};
		CC1CEDF420FDF48B008991E1 /* LaunchScreen.storyboard */ = {
			isa = PBXVariantGroup;
			children = (
				CC1CEDF520FDF48B008991E1 /* Base */,
			);
			name = LaunchScreen.storyboard;
			sourceTree = "<group>";
		};
/* End PBXVariantGroup section */

/* Begin XCBuildConfiguration section */
		CC1CEE0E20FDF48B008991E1 /* Debug */ = {
			isa = XCBuildConfiguration;
			buildSettings = {
				ALWAYS_SEARCH_USER_PATHS = NO;
				CLANG_ANALYZER_NONNULL = YES;
				CLANG_ANALYZER_NUMBER_OBJECT_CONVERSION = YES_AGGRESSIVE;
				CLANG_CXX_LANGUAGE_STANDARD = "gnu++14";
				CLANG_CXX_LIBRARY = "libc++";
				CLANG_ENABLE_MODULES = YES;
				CLANG_ENABLE_OBJC_ARC = YES;
				CLANG_WARN_BLOCK_CAPTURE_AUTORELEASING = YES;
				CLANG_WARN_BOOL_CONVERSION = YES;
				CLANG_WARN_COMMA = YES;
				CLANG_WARN_CONSTANT_CONVERSION = YES;
				CLANG_WARN_DIRECT_OBJC_ISA_USAGE = YES_ERROR;
				CLANG_WARN_DOCUMENTATION_COMMENTS = YES;
				CLANG_WARN_EMPTY_BODY = YES;
				CLANG_WARN_ENUM_CONVERSION = YES;
				CLANG_WARN_INFINITE_RECURSION = YES;
				CLANG_WARN_INT_CONVERSION = YES;
				CLANG_WARN_NON_LITERAL_NULL_CONVERSION = YES;
				CLANG_WARN_OBJC_LITERAL_CONVERSION = YES;
				CLANG_WARN_OBJC_ROOT_CLASS = YES_ERROR;
				CLANG_WARN_RANGE_LOOP_ANALYSIS = YES;
				CLANG_WARN_STRICT_PROTOTYPES = YES;
				CLANG_WARN_SUSPICIOUS_MOVE = YES;
				CLANG_WARN_UNGUARDED_AVAILABILITY = YES_AGGRESSIVE;
				CLANG_WARN_UNREACHABLE_CODE = YES;
				CLANG_WARN__DUPLICATE_METHOD_MATCH = YES;
				CODE_SIGN_IDENTITY = "iPhone Developer";
				COPY_PHASE_STRIP = NO;
				DEBUG_INFORMATION_FORMAT = dwarf;
				ENABLE_STRICT_OBJC_MSGSEND = YES;
				ENABLE_TESTABILITY = YES;
				FRAMEWORK_SEARCH_PATHS = "";
				GCC_C_LANGUAGE_STANDARD = gnu11;
				GCC_DYNAMIC_NO_PIC = NO;
				GCC_NO_COMMON_BLOCKS = YES;
				GCC_OPTIMIZATION_LEVEL = 0;
				GCC_PREPROCESSOR_DEFINITIONS = (
					"DEBUG=1",
					"$(inherited)",
				);
				GCC_WARN_64_TO_32_BIT_CONVERSION = YES;
				GCC_WARN_ABOUT_RETURN_TYPE = YES_ERROR;
				GCC_WARN_UNDECLARED_SELECTOR = YES;
				GCC_WARN_UNINITIALIZED_AUTOS = YES_AGGRESSIVE;
				GCC_WARN_UNUSED_FUNCTION = YES;
				GCC_WARN_UNUSED_VARIABLE = YES;
				IPHONEOS_DEPLOYMENT_TARGET = 11.2;
				MTL_ENABLE_DEBUG_INFO = YES;
				ONLY_ACTIVE_ARCH = YES;
				SDKROOT = iphoneos;
				SWIFT_ACTIVE_COMPILATION_CONDITIONS = DEBUG;
				SWIFT_OPTIMIZATION_LEVEL = "-Onone";
			};
			name = Debug;
		};
		CC1CEE0F20FDF48B008991E1 /* Release */ = {
			isa = XCBuildConfiguration;
			buildSettings = {
				ALWAYS_SEARCH_USER_PATHS = NO;
				CLANG_ANALYZER_NONNULL = YES;
				CLANG_ANALYZER_NUMBER_OBJECT_CONVERSION = YES_AGGRESSIVE;
				CLANG_CXX_LANGUAGE_STANDARD = "gnu++14";
				CLANG_CXX_LIBRARY = "libc++";
				CLANG_ENABLE_MODULES = YES;
				CLANG_ENABLE_OBJC_ARC = YES;
				CLANG_WARN_BLOCK_CAPTURE_AUTORELEASING = YES;
				CLANG_WARN_BOOL_CONVERSION = YES;
				CLANG_WARN_COMMA = YES;
				CLANG_WARN_CONSTANT_CONVERSION = YES;
				CLANG_WARN_DIRECT_OBJC_ISA_USAGE = YES_ERROR;
				CLANG_WARN_DOCUMENTATION_COMMENTS = YES;
				CLANG_WARN_EMPTY_BODY = YES;
				CLANG_WARN_ENUM_CONVERSION = YES;
				CLANG_WARN_INFINITE_RECURSION = YES;
				CLANG_WARN_INT_CONVERSION = YES;
				CLANG_WARN_NON_LITERAL_NULL_CONVERSION = YES;
				CLANG_WARN_OBJC_LITERAL_CONVERSION = YES;
				CLANG_WARN_OBJC_ROOT_CLASS = YES_ERROR;
				CLANG_WARN_RANGE_LOOP_ANALYSIS = YES;
				CLANG_WARN_STRICT_PROTOTYPES = YES;
				CLANG_WARN_SUSPICIOUS_MOVE = YES;
				CLANG_WARN_UNGUARDED_AVAILABILITY = YES_AGGRESSIVE;
				CLANG_WARN_UNREACHABLE_CODE = YES;
				CLANG_WARN__DUPLICATE_METHOD_MATCH = YES;
				CODE_SIGN_IDENTITY = "iPhone Developer";
				COPY_PHASE_STRIP = NO;
				DEBUG_INFORMATION_FORMAT = "dwarf-with-dsym";
				ENABLE_NS_ASSERTIONS = NO;
				ENABLE_STRICT_OBJC_MSGSEND = YES;
				FRAMEWORK_SEARCH_PATHS = "";
				GCC_C_LANGUAGE_STANDARD = gnu11;
				GCC_NO_COMMON_BLOCKS = YES;
				GCC_WARN_64_TO_32_BIT_CONVERSION = YES;
				GCC_WARN_ABOUT_RETURN_TYPE = YES_ERROR;
				GCC_WARN_UNDECLARED_SELECTOR = YES;
				GCC_WARN_UNINITIALIZED_AUTOS = YES_AGGRESSIVE;
				GCC_WARN_UNUSED_FUNCTION = YES;
				GCC_WARN_UNUSED_VARIABLE = YES;
				IPHONEOS_DEPLOYMENT_TARGET = 11.2;
				MTL_ENABLE_DEBUG_INFO = NO;
				SDKROOT = iphoneos;
				SWIFT_OPTIMIZATION_LEVEL = "-Owholemodule";
				VALIDATE_PRODUCT = YES;
			};
			name = Release;
		};
		CC1CEE1120FDF48B008991E1 /* Debug */ = {
			isa = XCBuildConfiguration;
			baseConfigurationReference = BC4574559030A5E34F31837C /* Pods-LoginApp.debug.xcconfig */;
			buildSettings = {
				ASSETCATALOG_COMPILER_APPICON_NAME = AppIcon;
				CODE_SIGN_STYLE = Automatic;
				FRAMEWORK_SEARCH_PATHS = (
					"$(inherited)",
					"$(PROJECT_DIR)",
				);
				HEADER_SEARCH_PATHS = "$(SRCROOT)/Pods/**";
				INFOPLIST_FILE = LoginApp/Info.plist;
				IPHONEOS_DEPLOYMENT_TARGET = 11.2;
				LD_RUNPATH_SEARCH_PATHS = "$(inherited) @executable_path/Frameworks";
				PRODUCT_BUNDLE_IDENTIFIER = com.socialfintech.LoginApp;
				PRODUCT_NAME = "$(TARGET_NAME)";
				SWIFT_VERSION = 4.0;
				TARGETED_DEVICE_FAMILY = 1;
			};
			name = Debug;
		};
		CC1CEE1220FDF48B008991E1 /* Release */ = {
			isa = XCBuildConfiguration;
			baseConfigurationReference = BFF468BFCCD8891F94507416 /* Pods-LoginApp.release.xcconfig */;
			buildSettings = {
				ASSETCATALOG_COMPILER_APPICON_NAME = AppIcon;
				CODE_SIGN_STYLE = Automatic;
				FRAMEWORK_SEARCH_PATHS = (
					"$(inherited)",
					"$(PROJECT_DIR)",
				);
				HEADER_SEARCH_PATHS = "$(SRCROOT)/Pods/**";
				INFOPLIST_FILE = LoginApp/Info.plist;
				IPHONEOS_DEPLOYMENT_TARGET = 11.2;
				LD_RUNPATH_SEARCH_PATHS = "$(inherited) @executable_path/Frameworks";
				PRODUCT_BUNDLE_IDENTIFIER = com.socialfintech.LoginApp;
				PRODUCT_NAME = "$(TARGET_NAME)";
				SWIFT_VERSION = 4.0;
				TARGETED_DEVICE_FAMILY = 1;
			};
			name = Release;
		};
		CC1CEE1420FDF48B008991E1 /* Debug */ = {
			isa = XCBuildConfiguration;
			baseConfigurationReference = FB6B58959218B4745D94E2B7 /* Pods-LoginAppTests.debug.xcconfig */;
			buildSettings = {
				ALWAYS_EMBED_SWIFT_STANDARD_LIBRARIES = YES;
				BUNDLE_LOADER = "$(TEST_HOST)";
				CODE_SIGN_STYLE = Automatic;
				INFOPLIST_FILE = LoginAppTests/Info.plist;
				LD_RUNPATH_SEARCH_PATHS = "$(inherited) @executable_path/Frameworks @loader_path/Frameworks";
				PRODUCT_BUNDLE_IDENTIFIER = com.socialfintech.LoginAppTests;
				PRODUCT_NAME = "$(TARGET_NAME)";
				SWIFT_VERSION = 4.0;
				TARGETED_DEVICE_FAMILY = "1,2";
				TEST_HOST = "$(BUILT_PRODUCTS_DIR)/LoginApp.app/LoginApp";
			};
			name = Debug;
		};
		CC1CEE1520FDF48B008991E1 /* Release */ = {
			isa = XCBuildConfiguration;
			baseConfigurationReference = 7290F09EBB42ACF08935B008 /* Pods-LoginAppTests.release.xcconfig */;
			buildSettings = {
				ALWAYS_EMBED_SWIFT_STANDARD_LIBRARIES = YES;
				BUNDLE_LOADER = "$(TEST_HOST)";
				CODE_SIGN_STYLE = Automatic;
				INFOPLIST_FILE = LoginAppTests/Info.plist;
				LD_RUNPATH_SEARCH_PATHS = "$(inherited) @executable_path/Frameworks @loader_path/Frameworks";
				PRODUCT_BUNDLE_IDENTIFIER = com.socialfintech.LoginAppTests;
				PRODUCT_NAME = "$(TARGET_NAME)";
				SWIFT_VERSION = 4.0;
				TARGETED_DEVICE_FAMILY = "1,2";
				TEST_HOST = "$(BUILT_PRODUCTS_DIR)/LoginApp.app/LoginApp";
			};
			name = Release;
		};
		CC1CEE1720FDF48B008991E1 /* Debug */ = {
			isa = XCBuildConfiguration;
			baseConfigurationReference = B47B74A301201579FF8FD4F7 /* Pods-LoginAppUITests.debug.xcconfig */;
			buildSettings = {
				ALWAYS_EMBED_SWIFT_STANDARD_LIBRARIES = YES;
				CODE_SIGN_STYLE = Automatic;
				INFOPLIST_FILE = LoginAppUITests/Info.plist;
				LD_RUNPATH_SEARCH_PATHS = "$(inherited) @executable_path/Frameworks @loader_path/Frameworks";
				PRODUCT_BUNDLE_IDENTIFIER = com.socialfintech.LoginAppUITests;
				PRODUCT_NAME = "$(TARGET_NAME)";
				SWIFT_VERSION = 4.0;
				TARGETED_DEVICE_FAMILY = "1,2";
				TEST_TARGET_NAME = LoginApp;
			};
			name = Debug;
		};
		CC1CEE1820FDF48B008991E1 /* Release */ = {
			isa = XCBuildConfiguration;
			baseConfigurationReference = 7238C04E10412542E1A5B7B8 /* Pods-LoginAppUITests.release.xcconfig */;
			buildSettings = {
				ALWAYS_EMBED_SWIFT_STANDARD_LIBRARIES = YES;
				CODE_SIGN_STYLE = Automatic;
				INFOPLIST_FILE = LoginAppUITests/Info.plist;
				LD_RUNPATH_SEARCH_PATHS = "$(inherited) @executable_path/Frameworks @loader_path/Frameworks";
				PRODUCT_BUNDLE_IDENTIFIER = com.socialfintech.LoginAppUITests;
				PRODUCT_NAME = "$(TARGET_NAME)";
				SWIFT_VERSION = 4.0;
				TARGETED_DEVICE_FAMILY = "1,2";
				TEST_TARGET_NAME = LoginApp;
			};
			name = Release;
		};
/* End XCBuildConfiguration section */

/* Begin XCConfigurationList section */
		CC1CEDE020FDF48A008991E1 /* Build configuration list for PBXProject "LoginApp" */ = {
			isa = XCConfigurationList;
			buildConfigurations = (
				CC1CEE0E20FDF48B008991E1 /* Debug */,
				CC1CEE0F20FDF48B008991E1 /* Release */,
			);
			defaultConfigurationIsVisible = 0;
			defaultConfigurationName = Release;
		};
		CC1CEE1020FDF48B008991E1 /* Build configuration list for PBXNativeTarget "LoginApp" */ = {
			isa = XCConfigurationList;
			buildConfigurations = (
				CC1CEE1120FDF48B008991E1 /* Debug */,
				CC1CEE1220FDF48B008991E1 /* Release */,
			);
			defaultConfigurationIsVisible = 0;
			defaultConfigurationName = Release;
		};
		CC1CEE1320FDF48B008991E1 /* Build configuration list for PBXNativeTarget "LoginAppTests" */ = {
			isa = XCConfigurationList;
			buildConfigurations = (
				CC1CEE1420FDF48B008991E1 /* Debug */,
				CC1CEE1520FDF48B008991E1 /* Release */,
			);
			defaultConfigurationIsVisible = 0;
			defaultConfigurationName = Release;
		};
		CC1CEE1620FDF48B008991E1 /* Build configuration list for PBXNativeTarget "LoginAppUITests" */ = {
			isa = XCConfigurationList;
			buildConfigurations = (
				CC1CEE1720FDF48B008991E1 /* Debug */,
				CC1CEE1820FDF48B008991E1 /* Release */,
			);
			defaultConfigurationIsVisible = 0;
			defaultConfigurationName = Release;
		};
/* End XCConfigurationList section */

/* Begin XCVersionGroup section */
		CC1CEDEF20FDF48B008991E1 /* LoginApp.xcdatamodeld */ = {
			isa = XCVersionGroup;
			children = (
				CC1CEDF020FDF48B008991E1 /* LoginApp.xcdatamodel */,
			);
			currentVersion = CC1CEDF020FDF48B008991E1 /* LoginApp.xcdatamodel */;
			path = LoginApp.xcdatamodeld;
			sourceTree = "<group>";
			versionGroupType = wrapper.xcdatamodel;
		};
/* End XCVersionGroup section */
	};
	rootObject = CC1CEDDD20FDF48A008991E1 /* Project object */;
}
