// !$*UTF8*$!
{
	archiveVersion = 1;
	classes = {
	};
	objectVersion = 48;
	objects = {

/* Begin PBXBuildFile section */
		CC1CEDE920FDF48A008991E1 /* AppDelegate.swift in Sources */ = {isa = PBXBuildFile; fileRef = CC1CEDE820FDF48A008991E1 /* AppDelegate.swift */; };
		CC1CEDEB20FDF48B008991E1 /* ViewController.swift in Sources */ = {isa = PBXBuildFile; fileRef = CC1CEDEA20FDF48B008991E1 /* ViewController.swift */; };
		CC1CEDEE20FDF48B008991E1 /* Main.storyboard in Resources */ = {isa = PBXBuildFile; fileRef = CC1CEDEC20FDF48B008991E1 /* Main.storyboard */; };
		CC1CEDF120FDF48B008991E1 /* LoginApp.xcdatamodeld in Sources */ = {isa = PBXBuildFile; fileRef = CC1CEDEF20FDF48B008991E1 /* LoginApp.xcdatamodeld */; };
		CC1CEDF320FDF48B008991E1 /* Assets.xcassets in Resources */ = {isa = PBXBuildFile; fileRef = CC1CEDF220FDF48B008991E1 /* Assets.xcassets */; };
		CC1CEDF620FDF48B008991E1 /* LaunchScreen.storyboard in Resources */ = {isa = PBXBuildFile; fileRef = CC1CEDF420FDF48B008991E1 /* LaunchScreen.storyboard */; };
		CC1CEE0120FDF48B008991E1 /* LoginAppTests.swift in Sources */ = {isa = PBXBuildFile; fileRef = CC1CEE0020FDF48B008991E1 /* LoginAppTests.swift */; };
		CC1CEE0C20FDF48B008991E1 /* LoginAppUITests.swift in Sources */ = {isa = PBXBuildFile; fileRef = CC1CEE0B20FDF48B008991E1 /* LoginAppUITests.swift */; };
/* End PBXBuildFile section */

/* Begin PBXContainerItemProxy section */
		CC1CEDFD20FDF48B008991E1 /* PBXContainerItemProxy */ = {
			isa = PBXContainerItemProxy;
			containerPortal = CC1CEDDD20FDF48A008991E1 /* Project object */;
			proxyType = 1;
			remoteGlobalIDString = CC1CEDE420FDF48A008991E1;
			remoteInfo = LoginApp;
		};
		CC1CEE0820FDF48B008991E1 /* PBXContainerItemProxy */ = {
			isa = PBXContainerItemProxy;
			containerPortal = CC1CEDDD20FDF48A008991E1 /* Project object */;
			proxyType = 1;
			remoteGlobalIDString = CC1CEDE420FDF48A008991E1;
			remoteInfo = LoginApp;
		};
/* End PBXContainerItemProxy section */

/* Begin PBXFileReference section */
		CC1CEDE520FDF48A008991E1 /* LoginApp.app */ = {isa = PBXFileReference; explicitFileType = wrapper.application; includeInIndex = 0; path = LoginApp.app; sourceTree = BUILT_PRODUCTS_DIR; };
		CC1CEDE820FDF48A008991E1 /* AppDelegate.swift */ = {isa = PBXFileReference; lastKnownFileType = sourcecode.swift; path = AppDelegate.swift; sourceTree = "<group>"; };
		CC1CEDEA20FDF48B008991E1 /* ViewController.swift */ = {isa = PBXFileReference; lastKnownFileType = sourcecode.swift; path = ViewController.swift; sourceTree = "<group>"; };
		CC1CEDED20FDF48B008991E1 /* Base */ = {isa = PBXFileReference; lastKnownFileType = file.storyboard; name = Base; path = Base.lproj/Main.storyboard; sourceTree = "<group>"; };
		CC1CEDF020FDF48B008991E1 /* LoginApp.xcdatamodel */ = {isa = PBXFileReference; lastKnownFileType = wrapper.xcdatamodel; path = LoginApp.xcdatamodel; sourceTree = "<group>"; };
		CC1CEDF220FDF48B008991E1 /* Assets.xcassets */ = {isa = PBXFileReference; lastKnownFileType = folder.assetcatalog; path = Assets.xcassets; sourceTree = "<group>"; };
		CC1CEDF520FDF48B008991E1 /* Base */ = {isa = PBXFileReference; lastKnownFileType = file.storyboard; name = Base; path = Base.lproj/LaunchScreen.storyboard; sourceTree = "<group>"; };
		CC1CEDF720FDF48B008991E1 /* Info.plist */ = {isa = PBXFileReference; lastKnownFileType = text.plist.xml; path = Info.plist; sourceTree = "<group>"; };
		CC1CEDFC20FDF48B008991E1 /* LoginAppTests.xctest */ = {isa = PBXFileReference; explicitFileType = wrapper.cfbundle; includeInIndex = 0; path = LoginAppTests.xctest; sourceTree = BUILT_PRODUCTS_DIR; };
		CC1CEE0020FDF48B008991E1 /* LoginAppTests.swift */ = {isa = PBXFileReference; lastKnownFileType = sourcecode.swift; path = LoginAppTests.swift; sourceTree = "<group>"; };
		CC1CEE0220FDF48B008991E1 /* Info.plist */ = {isa = PBXFileReference; lastKnownFileType = text.plist.xml; path = Info.plist; sourceTree = "<group>"; };
		CC1CEE0720FDF48B008991E1 /* LoginAppUITests.xctest */ = {isa = PBXFileReference; explicitFileType = wrapper.cfbundle; includeInIndex = 0; path = LoginAppUITests.xctest; sourceTree = BUILT_PRODUCTS_DIR; };
		CC1CEE0B20FDF48B008991E1 /* LoginAppUITests.swift */ = {isa = PBXFileReference; lastKnownFileType = sourcecode.swift; path = LoginAppUITests.swift; sourceTree = "<group>"; };
		CC1CEE0D20FDF48B008991E1 /* Info.plist */ = {isa = PBXFileReference; lastKnownFileType = text.plist.xml; path = Info.plist; sourceTree = "<group>"; };
/* End PBXFileReference section */

/* Begin PBXFrameworksBuildPhase section */
		CC1CEDE220FDF48A008991E1 /* Frameworks */ = {
			isa = PBXFrameworksBuildPhase;
			buildActionMask = 2147483647;
			files = (
			);
			runOnlyForDeploymentPostprocessing = 0;
		};
		CC1CEDF920FDF48B008991E1 /* Frameworks */ = {
			isa = PBXFrameworksBuildPhase;
			buildActionMask = 2147483647;
			files = (
			);
			runOnlyForDeploymentPostprocessing = 0;
		};
		CC1CEE0420FDF48B008991E1 /* Frameworks */ = {
			isa = PBXFrameworksBuildPhase;
			buildActionMask = 2147483647;
			files = (
			);
			runOnlyForDeploymentPostprocessing = 0;
		};
/* End PBXFrameworksBuildPhase section */

/* Begin PBXGroup section */
		CC1CEDDC20FDF48A008991E1 = {
			isa = PBXGroup;
			children = (
				CC1CEDE720FDF48A008991E1 /* LoginApp */,
				CC1CEDFF20FDF48B008991E1 /* LoginAppTests */,
				CC1CEE0A20FDF48B008991E1 /* LoginAppUITests */,
				CC1CEDE620FDF48A008991E1 /* Products */,
			);
			sourceTree = "<group>";
		};
		CC1CEDE620FDF48A008991E1 /* Products */ = {
			isa = PBXGroup;
			children = (
				CC1CEDE520FDF48A008991E1 /* LoginApp.app */,
				CC1CEDFC20FDF48B008991E1 /* LoginAppTests.xctest */,
				CC1CEE0720FDF48B008991E1 /* LoginAppUITests.xctest */,
			);
			name = Products;
			sourceTree = "<group>";
		};
		CC1CEDE720FDF48A008991E1 /* LoginApp */ = {
			isa = PBXGroup;
			children = (
				CC1CEDE820FDF48A008991E1 /* AppDelegate.swift */,
				CC1CEDEA20FDF48B008991E1 /* ViewController.swift */,
				CC1CEDEC20FDF48B008991E1 /* Main.storyboard */,
				CC1CEDF220FDF48B008991E1 /* Assets.xcassets */,
				CC1CEDF420FDF48B008991E1 /* LaunchScreen.storyboard */,
				CC1CEDF720FDF48B008991E1 /* Info.plist */,
				CC1CEDEF20FDF48B008991E1 /* LoginApp.xcdatamodeld */,
			);
			path = LoginApp;
			sourceTree = "<group>";
		};
		CC1CEDFF20FDF48B008991E1 /* LoginAppTests */ = {
			isa = PBXGroup;
			children = (
				CC1CEE0020FDF48B008991E1 /* LoginAppTests.swift */,
				CC1CEE0220FDF48B008991E1 /* Info.plist */,
			);
			path = LoginAppTests;
			sourceTree = "<group>";
		};
		CC1CEE0A20FDF48B008991E1 /* LoginAppUITests */ = {
			isa = PBXGroup;
			children = (
				CC1CEE0B20FDF48B008991E1 /* LoginAppUITests.swift */,
				CC1CEE0D20FDF48B008991E1 /* Info.plist */,
			);
			path = LoginAppUITests;
			sourceTree = "<group>";
		};
/* End PBXGroup section */

/* Begin PBXNativeTarget section */
		CC1CEDE420FDF48A008991E1 /* LoginApp */ = {
			isa = PBXNativeTarget;
			buildConfigurationList = CC1CEE1020FDF48B008991E1 /* Build configuration list for PBXNativeTarget "LoginApp" */;
			buildPhases = (
				CC1CEDE120FDF48A008991E1 /* Sources */,
				CC1CEDE220FDF48A008991E1 /* Frameworks */,
				CC1CEDE320FDF48A008991E1 /* Resources */,
			);
			buildRules = (
			);
			dependencies = (
			);
			name = LoginApp;
			productName = LoginApp;
			productReference = CC1CEDE520FDF48A008991E1 /* LoginApp.app */;
			productType = "com.apple.product-type.application";
		};
		CC1CEDFB20FDF48B008991E1 /* LoginAppTests */ = {
			isa = PBXNativeTarget;
			buildConfigurationList = CC1CEE1320FDF48B008991E1 /* Build configuration list for PBXNativeTarget "LoginAppTests" */;
			buildPhases = (
				CC1CEDF820FDF48B008991E1 /* Sources */,
				CC1CEDF920FDF48B008991E1 /* Frameworks */,
				CC1CEDFA20FDF48B008991E1 /* Resources */,
			);
			buildRules = (
			);
			dependencies = (
				CC1CEDFE20FDF48B008991E1 /* PBXTargetDependency */,
			);
			name = LoginAppTests;
			productName = LoginAppTests;
			productReference = CC1CEDFC20FDF48B008991E1 /* LoginAppTests.xctest */;
			productType = "com.apple.product-type.bundle.unit-test";
		};
		CC1CEE0620FDF48B008991E1 /* LoginAppUITests */ = {
			isa = PBXNativeTarget;
			buildConfigurationList = CC1CEE1620FDF48B008991E1 /* Build configuration list for PBXNativeTarget "LoginAppUITests" */;
			buildPhases = (
				CC1CEE0320FDF48B008991E1 /* Sources */,
				CC1CEE0420FDF48B008991E1 /* Frameworks */,
				CC1CEE0520FDF48B008991E1 /* Resources */,
			);
			buildRules = (
			);
			dependencies = (
				CC1CEE0920FDF48B008991E1 /* PBXTargetDependency */,
			);
			name = LoginAppUITests;
			productName = LoginAppUITests;
			productReference = CC1CEE0720FDF48B008991E1 /* LoginAppUITests.xctest */;
			productType = "com.apple.product-type.bundle.ui-testing";
		};
/* End PBXNativeTarget section */

/* Begin PBXProject section */
		CC1CEDDD20FDF48A008991E1 /* Project object */ = {
			isa = PBXProject;
			attributes = {
				LastSwiftUpdateCheck = 0920;
				LastUpgradeCheck = 0920;
				ORGANIZATIONNAME = QuanPV;
				TargetAttributes = {
					CC1CEDE420FDF48A008991E1 = {
						CreatedOnToolsVersion = 9.2;
						ProvisioningStyle = Automatic;
					};
					CC1CEDFB20FDF48B008991E1 = {
						CreatedOnToolsVersion = 9.2;
						ProvisioningStyle = Automatic;
						TestTargetID = CC1CEDE420FDF48A008991E1;
					};
					CC1CEE0620FDF48B008991E1 = {
						CreatedOnToolsVersion = 9.2;
						ProvisioningStyle = Automatic;
						TestTargetID = CC1CEDE420FDF48A008991E1;
					};
				};
			};
			buildConfigurationList = CC1CEDE020FDF48A008991E1 /* Build configuration list for PBXProject "LoginApp" */;
			compatibilityVersion = "Xcode 8.0";
			developmentRegion = en;
			hasScannedForEncodings = 0;
			knownRegions = (
				en,
				Base,
			);
			mainGroup = CC1CEDDC20FDF48A008991E1;
			productRefGroup = CC1CEDE620FDF48A008991E1 /* Products */;
			projectDirPath = "";
			projectRoot = "";
			targets = (
				CC1CEDE420FDF48A008991E1 /* LoginApp */,
				CC1CEDFB20FDF48B008991E1 /* LoginAppTests */,
				CC1CEE0620FDF48B008991E1 /* LoginAppUITests */,
			);
		};
/* End PBXProject section */

/* Begin PBXResourcesBuildPhase section */
		CC1CEDE320FDF48A008991E1 /* Resources */ = {
			isa = PBXResourcesBuildPhase;
			buildActionMask = 2147483647;
			files = (
				CC1CEDF620FDF48B008991E1 /* LaunchScreen.storyboard in Resources */,
				CC1CEDF320FDF48B008991E1 /* Assets.xcassets in Resources */,
				CC1CEDEE20FDF48B008991E1 /* Main.storyboard in Resources */,
			);
			runOnlyForDeploymentPostprocessing = 0;
		};
		CC1CEDFA20FDF48B008991E1 /* Resources */ = {
			isa = PBXResourcesBuildPhase;
			buildActionMask = 2147483647;
			files = (
			);
			runOnlyForDeploymentPostprocessing = 0;
		};
		CC1CEE0520FDF48B008991E1 /* Resources */ = {
			isa = PBXResourcesBuildPhase;
			buildActionMask = 2147483647;
			files = (
			);
			runOnlyForDeploymentPostprocessing = 0;
		};
/* End PBXResourcesBuildPhase section */

/* Begin PBXSourcesBuildPhase section */
		CC1CEDE120FDF48A008991E1 /* Sources */ = {
			isa = PBXSourcesBuildPhase;
			buildActionMask = 2147483647;
			files = (
				CC1CEDF120FDF48B008991E1 /* LoginApp.xcdatamodeld in Sources */,
				CC1CEDEB20FDF48B008991E1 /* ViewController.swift in Sources */,
				CC1CEDE920FDF48A008991E1 /* AppDelegate.swift in Sources */,
			);
			runOnlyForDeploymentPostprocessing = 0;
		};
		CC1CEDF820FDF48B008991E1 /* Sources */ = {
			isa = PBXSourcesBuildPhase;
			buildActionMask = 2147483647;
			files = (
				CC1CEE0120FDF48B008991E1 /* LoginAppTests.swift in Sources */,
			);
			runOnlyForDeploymentPostprocessing = 0;
		};
		CC1CEE0320FDF48B008991E1 /* Sources */ = {
			isa = PBXSourcesBuildPhase;
			buildActionMask = 2147483647;
			files = (
				CC1CEE0C20FDF48B008991E1 /* LoginAppUITests.swift in Sources */,
			);
			runOnlyForDeploymentPostprocessing = 0;
		};
/* End PBXSourcesBuildPhase section */

/* Begin PBXTargetDependency section */
		CC1CEDFE20FDF48B008991E1 /* PBXTargetDependency */ = {
			isa = PBXTargetDependency;
			target = CC1CEDE420FDF48A008991E1 /* LoginApp */;
			targetProxy = CC1CEDFD20FDF48B008991E1 /* PBXContainerItemProxy */;
		};
		CC1CEE0920FDF48B008991E1 /* PBXTargetDependency */ = {
			isa = PBXTargetDependency;
			target = CC1CEDE420FDF48A008991E1 /* LoginApp */;
			targetProxy = CC1CEE0820FDF48B008991E1 /* PBXContainerItemProxy */;
		};
/* End PBXTargetDependency section */

/* Begin PBXVariantGroup section */
		CC1CEDEC20FDF48B008991E1 /* Main.storyboard */ = {
			isa = PBXVariantGroup;
			children = (
				CC1CEDED20FDF48B008991E1 /* Base */,
			);
			name = Main.storyboard;
			sourceTree = "<group>";
		};
		CC1CEDF420FDF48B008991E1 /* LaunchScreen.storyboard */ = {
			isa = PBXVariantGroup;
			children = (
				CC1CEDF520FDF48B008991E1 /* Base */,
			);
			name = LaunchScreen.storyboard;
			sourceTree = "<group>";
		};
/* End PBXVariantGroup section */

/* Begin XCBuildConfiguration section */
		CC1CEE0E20FDF48B008991E1 /* Debug */ = {
			isa = XCBuildConfiguration;
			buildSettings = {
				ALWAYS_SEARCH_USER_PATHS = NO;
				CLANG_ANALYZER_NONNULL = YES;
				CLANG_ANALYZER_NUMBER_OBJECT_CONVERSION = YES_AGGRESSIVE;
				CLANG_CXX_LANGUAGE_STANDARD = "gnu++14";
				CLANG_CXX_LIBRARY = "libc++";
				CLANG_ENABLE_MODULES = YES;
				CLANG_ENABLE_OBJC_ARC = YES;
				CLANG_WARN_BLOCK_CAPTURE_AUTORELEASING = YES;
				CLANG_WARN_BOOL_CONVERSION = YES;
				CLANG_WARN_COMMA = YES;
				CLANG_WARN_CONSTANT_CONVERSION = YES;
				CLANG_WARN_DIRECT_OBJC_ISA_USAGE = YES_ERROR;
				CLANG_WARN_DOCUMENTATION_COMMENTS = YES;
				CLANG_WARN_EMPTY_BODY = YES;
				CLANG_WARN_ENUM_CONVERSION = YES;
				CLANG_WARN_INFINITE_RECURSION = YES;
				CLANG_WARN_INT_CONVERSION = YES;
				CLANG_WARN_NON_LITERAL_NULL_CONVERSION = YES;
				CLANG_WARN_OBJC_LITERAL_CONVERSION = YES;
				CLANG_WARN_OBJC_ROOT_CLASS = YES_ERROR;
				CLANG_WARN_RANGE_LOOP_ANALYSIS = YES;
				CLANG_WARN_STRICT_PROTOTYPES = YES;
				CLANG_WARN_SUSPICIOUS_MOVE = YES;
				CLANG_WARN_UNGUARDED_AVAILABILITY = YES_AGGRESSIVE;
				CLANG_WARN_UNREACHABLE_CODE = YES;
				CLANG_WARN__DUPLICATE_METHOD_MATCH = YES;
				CODE_SIGN_IDENTITY = "iPhone Developer";
				COPY_PHASE_STRIP = NO;
				DEBUG_INFORMATION_FORMAT = dwarf;
				ENABLE_STRICT_OBJC_MSGSEND = YES;
				ENABLE_TESTABILITY = YES;
				GCC_C_LANGUAGE_STANDARD = gnu11;
				GCC_DYNAMIC_NO_PIC = NO;
				GCC_NO_COMMON_BLOCKS = YES;
				GCC_OPTIMIZATION_LEVEL = 0;
				GCC_PREPROCESSOR_DEFINITIONS = (
					"DEBUG=1",
					"$(inherited)",
				);
				GCC_WARN_64_TO_32_BIT_CONVERSION = YES;
				GCC_WARN_ABOUT_RETURN_TYPE = YES_ERROR;
				GCC_WARN_UNDECLARED_SELECTOR = YES;
				GCC_WARN_UNINITIALIZED_AUTOS = YES_AGGRESSIVE;
				GCC_WARN_UNUSED_FUNCTION = YES;
				GCC_WARN_UNUSED_VARIABLE = YES;
				IPHONEOS_DEPLOYMENT_TARGET = 11.2;
				MTL_ENABLE_DEBUG_INFO = YES;
				ONLY_ACTIVE_ARCH = YES;
				SDKROOT = iphoneos;
				SWIFT_ACTIVE_COMPILATION_CONDITIONS = DEBUG;
				SWIFT_OPTIMIZATION_LEVEL = "-Onone";
			};
			name = Debug;
		};
		CC1CEE0F20FDF48B008991E1 /* Release */ = {
			isa = XCBuildConfiguration;
			buildSettings = {
				ALWAYS_SEARCH_USER_PATHS = NO;
				CLANG_ANALYZER_NONNULL = YES;
				CLANG_ANALYZER_NUMBER_OBJECT_CONVERSION = YES_AGGRESSIVE;
				CLANG_CXX_LANGUAGE_STANDARD = "gnu++14";
				CLANG_CXX_LIBRARY = "libc++";
				CLANG_ENABLE_MODULES = YES;
				CLANG_ENABLE_OBJC_ARC = YES;
				CLANG_WARN_BLOCK_CAPTURE_AUTORELEASING = YES;
				CLANG_WARN_BOOL_CONVERSION = YES;
				CLANG_WARN_COMMA = YES;
				CLANG_WARN_CONSTANT_CONVERSION = YES;
				CLANG_WARN_DIRECT_OBJC_ISA_USAGE = YES_ERROR;
				CLANG_WARN_DOCUMENTATION_COMMENTS = YES;
				CLANG_WARN_EMPTY_BODY = YES;
				CLANG_WARN_ENUM_CONVERSION = YES;
				CLANG_WARN_INFINITE_RECURSION = YES;
				CLANG_WARN_INT_CONVERSION = YES;
				CLANG_WARN_NON_LITERAL_NULL_CONVERSION = YES;
				CLANG_WARN_OBJC_LITERAL_CONVERSION = YES;
				CLANG_WARN_OBJC_ROOT_CLASS = YES_ERROR;
				CLANG_WARN_RANGE_LOOP_ANALYSIS = YES;
				CLANG_WARN_STRICT_PROTOTYPES = YES;
				CLANG_WARN_SUSPICIOUS_MOVE = YES;
				CLANG_WARN_UNGUARDED_AVAILABILITY = YES_AGGRESSIVE;
				CLANG_WARN_UNREACHABLE_CODE = YES;
				CLANG_WARN__DUPLICATE_METHOD_MATCH = YES;
				CODE_SIGN_IDENTITY = "iPhone Developer";
				COPY_PHASE_STRIP = NO;
				DEBUG_INFORMATION_FORMAT = "dwarf-with-dsym";
				ENABLE_NS_ASSERTIONS = NO;
				ENABLE_STRICT_OBJC_MSGSEND = YES;
				GCC_C_LANGUAGE_STANDARD = gnu11;
				GCC_NO_COMMON_BLOCKS = YES;
				GCC_WARN_64_TO_32_BIT_CONVERSION = YES;
				GCC_WARN_ABOUT_RETURN_TYPE = YES_ERROR;
				GCC_WARN_UNDECLARED_SELECTOR = YES;
				GCC_WARN_UNINITIALIZED_AUTOS = YES_AGGRESSIVE;
				GCC_WARN_UNUSED_FUNCTION = YES;
				GCC_WARN_UNUSED_VARIABLE = YES;
				IPHONEOS_DEPLOYMENT_TARGET = 11.2;
				MTL_ENABLE_DEBUG_INFO = NO;
				SDKROOT = iphoneos;
				SWIFT_OPTIMIZATION_LEVEL = "-Owholemodule";
				VALIDATE_PRODUCT = YES;
			};
			name = Release;
		};
		CC1CEE1120FDF48B008991E1 /* Debug */ = {
			isa = XCBuildConfiguration;
			buildSettings = {
				ASSETCATALOG_COMPILER_APPICON_NAME = AppIcon;
				CODE_SIGN_STYLE = Automatic;
				INFOPLIST_FILE = LoginApp/Info.plist;
				LD_RUNPATH_SEARCH_PATHS = "$(inherited) @executable_path/Frameworks";
				PRODUCT_BUNDLE_IDENTIFIER = com.socialfintech.LoginApp;
				PRODUCT_NAME = "$(TARGET_NAME)";
				SWIFT_VERSION = 4.0;
				TARGETED_DEVICE_FAMILY = "1,2";
			};
			name = Debug;
		};
		CC1CEE1220FDF48B008991E1 /* Release */ = {
			isa = XCBuildConfiguration;
			buildSettings = {
				ASSETCATALOG_COMPILER_APPICON_NAME = AppIcon;
				CODE_SIGN_STYLE = Automatic;
				INFOPLIST_FILE = LoginApp/Info.plist;
				LD_RUNPATH_SEARCH_PATHS = "$(inherited) @executable_path/Frameworks";
				PRODUCT_BUNDLE_IDENTIFIER = com.socialfintech.LoginApp;
				PRODUCT_NAME = "$(TARGET_NAME)";
				SWIFT_VERSION = 4.0;
				TARGETED_DEVICE_FAMILY = "1,2";
			};
			name = Release;
		};
		CC1CEE1420FDF48B008991E1 /* Debug */ = {
			isa = XCBuildConfiguration;
			buildSettings = {
				ALWAYS_EMBED_SWIFT_STANDARD_LIBRARIES = YES;
				BUNDLE_LOADER = "$(TEST_HOST)";
				CODE_SIGN_STYLE = Automatic;
				INFOPLIST_FILE = LoginAppTests/Info.plist;
				LD_RUNPATH_SEARCH_PATHS = "$(inherited) @executable_path/Frameworks @loader_path/Frameworks";
				PRODUCT_BUNDLE_IDENTIFIER = com.socialfintech.LoginAppTests;
				PRODUCT_NAME = "$(TARGET_NAME)";
				SWIFT_VERSION = 4.0;
				TARGETED_DEVICE_FAMILY = "1,2";
				TEST_HOST = "$(BUILT_PRODUCTS_DIR)/LoginApp.app/LoginApp";
			};
			name = Debug;
		};
		CC1CEE1520FDF48B008991E1 /* Release */ = {
			isa = XCBuildConfiguration;
			buildSettings = {
				ALWAYS_EMBED_SWIFT_STANDARD_LIBRARIES = YES;
				BUNDLE_LOADER = "$(TEST_HOST)";
				CODE_SIGN_STYLE = Automatic;
				INFOPLIST_FILE = LoginAppTests/Info.plist;
				LD_RUNPATH_SEARCH_PATHS = "$(inherited) @executable_path/Frameworks @loader_path/Frameworks";
				PRODUCT_BUNDLE_IDENTIFIER = com.socialfintech.LoginAppTests;
				PRODUCT_NAME = "$(TARGET_NAME)";
				SWIFT_VERSION = 4.0;
				TARGETED_DEVICE_FAMILY = "1,2";
				TEST_HOST = "$(BUILT_PRODUCTS_DIR)/LoginApp.app/LoginApp";
			};
			name = Release;
		};
		CC1CEE1720FDF48B008991E1 /* Debug */ = {
			isa = XCBuildConfiguration;
			buildSettings = {
				ALWAYS_EMBED_SWIFT_STANDARD_LIBRARIES = YES;
				CODE_SIGN_STYLE = Automatic;
				INFOPLIST_FILE = LoginAppUITests/Info.plist;
				LD_RUNPATH_SEARCH_PATHS = "$(inherited) @executable_path/Frameworks @loader_path/Frameworks";
				PRODUCT_BUNDLE_IDENTIFIER = com.socialfintech.LoginAppUITests;
				PRODUCT_NAME = "$(TARGET_NAME)";
				SWIFT_VERSION = 4.0;
				TARGETED_DEVICE_FAMILY = "1,2";
				TEST_TARGET_NAME = LoginApp;
			};
			name = Debug;
		};
		CC1CEE1820FDF48B008991E1 /* Release */ = {
			isa = XCBuildConfiguration;
			buildSettings = {
				ALWAYS_EMBED_SWIFT_STANDARD_LIBRARIES = YES;
				CODE_SIGN_STYLE = Automatic;
				INFOPLIST_FILE = LoginAppUITests/Info.plist;
				LD_RUNPATH_SEARCH_PATHS = "$(inherited) @executable_path/Frameworks @loader_path/Frameworks";
				PRODUCT_BUNDLE_IDENTIFIER = com.socialfintech.LoginAppUITests;
				PRODUCT_NAME = "$(TARGET_NAME)";
				SWIFT_VERSION = 4.0;
				TARGETED_DEVICE_FAMILY = "1,2";
				TEST_TARGET_NAME = LoginApp;
			};
			name = Release;
		};
/* End XCBuildConfiguration section */

/* Begin XCConfigurationList section */
		CC1CEDE020FDF48A008991E1 /* Build configuration list for PBXProject "LoginApp" */ = {
			isa = XCConfigurationList;
			buildConfigurations = (
				CC1CEE0E20FDF48B008991E1 /* Debug */,
				CC1CEE0F20FDF48B008991E1 /* Release */,
			);
			defaultConfigurationIsVisible = 0;
			defaultConfigurationName = Release;
		};
		CC1CEE1020FDF48B008991E1 /* Build configuration list for PBXNativeTarget "LoginApp" */ = {
			isa = XCConfigurationList;
			buildConfigurations = (
				CC1CEE1120FDF48B008991E1 /* Debug */,
				CC1CEE1220FDF48B008991E1 /* Release */,
			);
			defaultConfigurationIsVisible = 0;
			defaultConfigurationName = Release;
		};
		CC1CEE1320FDF48B008991E1 /* Build configuration list for PBXNativeTarget "LoginAppTests" */ = {
			isa = XCConfigurationList;
			buildConfigurations = (
				CC1CEE1420FDF48B008991E1 /* Debug */,
				CC1CEE1520FDF48B008991E1 /* Release */,
			);
			defaultConfigurationIsVisible = 0;
			defaultConfigurationName = Release;
		};
		CC1CEE1620FDF48B008991E1 /* Build configuration list for PBXNativeTarget "LoginAppUITests" */ = {
			isa = XCConfigurationList;
			buildConfigurations = (
				CC1CEE1720FDF48B008991E1 /* Debug */,
				CC1CEE1820FDF48B008991E1 /* Release */,
			);
			defaultConfigurationIsVisible = 0;
			defaultConfigurationName = Release;
		};
/* End XCConfigurationList section */

/* Begin XCVersionGroup section */
		CC1CEDEF20FDF48B008991E1 /* LoginApp.xcdatamodeld */ = {
			isa = XCVersionGroup;
			children = (
				CC1CEDF020FDF48B008991E1 /* LoginApp.xcdatamodel */,
			);
			currentVersion = CC1CEDF020FDF48B008991E1 /* LoginApp.xcdatamodel */;
			path = LoginApp.xcdatamodeld;
			sourceTree = "<group>";
			versionGroupType = wrapper.xcdatamodel;
		};
/* End XCVersionGroup section */
	};
	rootObject = CC1CEDDD20FDF48A008991E1 /* Project object */;
}
